// !$*UTF8*$!
{
	archiveVersion = 1;
	classes = {
	};
	objectVersion = 56;
	objects = {

/* Begin PBXBuildFile section */
		BC4A13EB2B52758900495CAC /* HabitDetailViewModel.swift in Sources */ = {isa = PBXBuildFile; fileRef = BC4A13EA2B52758900495CAC /* HabitDetailViewModel.swift */; };
		BCBB95152B497CD30040EADA /* LoginView.swift in Sources */ = {isa = PBXBuildFile; fileRef = BCBB95142B497CD30040EADA /* LoginView.swift */; };
		BCBB95172B497DED0040EADA /* LoginViewModel.swift in Sources */ = {isa = PBXBuildFile; fileRef = BCBB95162B497DED0040EADA /* LoginViewModel.swift */; };
		BCBB95192B497EF90040EADA /* SignUpView.swift in Sources */ = {isa = PBXBuildFile; fileRef = BCBB95182B497EF90040EADA /* SignUpView.swift */; };
		BCBB951B2B497F380040EADA /* SignUpViewModel.swift in Sources */ = {isa = PBXBuildFile; fileRef = BCBB951A2B497F380040EADA /* SignUpViewModel.swift */; };
		BCBB951D2B49809F0040EADA /* ErrorView.swift in Sources */ = {isa = PBXBuildFile; fileRef = BCBB951C2B49809F0040EADA /* ErrorView.swift */; };
		BCBB951F2B4982EC0040EADA /* GoogleService-Info.plist in Resources */ = {isa = PBXBuildFile; fileRef = BCBB951E2B4982EC0040EADA /* GoogleService-Info.plist */; };
		BCBB95222B49835A0040EADA /* FirebaseAnalytics in Frameworks */ = {isa = PBXBuildFile; productRef = BCBB95212B49835A0040EADA /* FirebaseAnalytics */; };
		BCBB95242B49835A0040EADA /* FirebaseAnalyticsOnDeviceConversion in Frameworks */ = {isa = PBXBuildFile; productRef = BCBB95232B49835A0040EADA /* FirebaseAnalyticsOnDeviceConversion */; };
		BCBB95262B49835A0040EADA /* FirebaseAnalyticsSwift in Frameworks */ = {isa = PBXBuildFile; productRef = BCBB95252B49835A0040EADA /* FirebaseAnalyticsSwift */; };
		BCBB95282B49835A0040EADA /* FirebaseAnalyticsWithoutAdIdSupport in Frameworks */ = {isa = PBXBuildFile; productRef = BCBB95272B49835A0040EADA /* FirebaseAnalyticsWithoutAdIdSupport */; };
		BCBB952A2B49835A0040EADA /* FirebaseAppCheck in Frameworks */ = {isa = PBXBuildFile; productRef = BCBB95292B49835A0040EADA /* FirebaseAppCheck */; };
		BCBB952C2B49835A0040EADA /* FirebaseAppDistribution-Beta in Frameworks */ = {isa = PBXBuildFile; productRef = BCBB952B2B49835A0040EADA /* FirebaseAppDistribution-Beta */; };
		BCBB952E2B49835A0040EADA /* FirebaseAuth in Frameworks */ = {isa = PBXBuildFile; productRef = BCBB952D2B49835A0040EADA /* FirebaseAuth */; };
		BCBB95302B49835A0040EADA /* FirebaseAuthCombine-Community in Frameworks */ = {isa = PBXBuildFile; productRef = BCBB952F2B49835A0040EADA /* FirebaseAuthCombine-Community */; };
		BCBB95322B49835A0040EADA /* FirebaseCrashlytics in Frameworks */ = {isa = PBXBuildFile; productRef = BCBB95312B49835A0040EADA /* FirebaseCrashlytics */; };
		BCBB95342B49835A0040EADA /* FirebaseDatabase in Frameworks */ = {isa = PBXBuildFile; productRef = BCBB95332B49835A0040EADA /* FirebaseDatabase */; };
		BCBB95362B49835A0040EADA /* FirebaseDynamicLinks in Frameworks */ = {isa = PBXBuildFile; productRef = BCBB95352B49835A0040EADA /* FirebaseDynamicLinks */; };
		BCBB95382B49835A0040EADA /* FirebaseFirestore in Frameworks */ = {isa = PBXBuildFile; productRef = BCBB95372B49835A0040EADA /* FirebaseFirestore */; };
		BCBB953A2B49835A0040EADA /* FirebaseFirestoreCombine-Community in Frameworks */ = {isa = PBXBuildFile; productRef = BCBB95392B49835A0040EADA /* FirebaseFirestoreCombine-Community */; };
		BCBB953C2B49835A0040EADA /* FirebaseFirestoreSwift in Frameworks */ = {isa = PBXBuildFile; productRef = BCBB953B2B49835A0040EADA /* FirebaseFirestoreSwift */; };
		BCBB953E2B49835A0040EADA /* FirebaseFunctions in Frameworks */ = {isa = PBXBuildFile; productRef = BCBB953D2B49835A0040EADA /* FirebaseFunctions */; };
		BCBB95402B49835A0040EADA /* FirebaseFunctionsCombine-Community in Frameworks */ = {isa = PBXBuildFile; productRef = BCBB953F2B49835A0040EADA /* FirebaseFunctionsCombine-Community */; };
		BCBB95422B49835A0040EADA /* FirebaseInAppMessaging-Beta in Frameworks */ = {isa = PBXBuildFile; productRef = BCBB95412B49835A0040EADA /* FirebaseInAppMessaging-Beta */; };
		BCBB95442B49835A0040EADA /* FirebaseInAppMessagingSwift-Beta in Frameworks */ = {isa = PBXBuildFile; productRef = BCBB95432B49835A0040EADA /* FirebaseInAppMessagingSwift-Beta */; };
		BCBB95462B49835A0040EADA /* FirebaseInstallations in Frameworks */ = {isa = PBXBuildFile; productRef = BCBB95452B49835A0040EADA /* FirebaseInstallations */; };
		BCBB95482B49835A0040EADA /* FirebaseMLModelDownloader in Frameworks */ = {isa = PBXBuildFile; productRef = BCBB95472B49835A0040EADA /* FirebaseMLModelDownloader */; };
		BCBB954A2B49835A0040EADA /* FirebaseMessaging in Frameworks */ = {isa = PBXBuildFile; productRef = BCBB95492B49835A0040EADA /* FirebaseMessaging */; };
		BCBB954C2B49835A0040EADA /* FirebasePerformance in Frameworks */ = {isa = PBXBuildFile; productRef = BCBB954B2B49835A0040EADA /* FirebasePerformance */; };
		BCBB954E2B49835A0040EADA /* FirebaseRemoteConfig in Frameworks */ = {isa = PBXBuildFile; productRef = BCBB954D2B49835A0040EADA /* FirebaseRemoteConfig */; };
		BCBB95502B49835A0040EADA /* FirebaseRemoteConfigSwift in Frameworks */ = {isa = PBXBuildFile; productRef = BCBB954F2B49835A0040EADA /* FirebaseRemoteConfigSwift */; };
		BCBB95522B49835A0040EADA /* FirebaseStorage in Frameworks */ = {isa = PBXBuildFile; productRef = BCBB95512B49835A0040EADA /* FirebaseStorage */; };
		BCBB95542B49835A0040EADA /* FirebaseStorageCombine-Community in Frameworks */ = {isa = PBXBuildFile; productRef = BCBB95532B49835A0040EADA /* FirebaseStorageCombine-Community */; };
		BCBB95562B49876C0040EADA /* AuthManager.swift in Sources */ = {isa = PBXBuildFile; fileRef = BCBB95552B49876C0040EADA /* AuthManager.swift */; };
		BCBB95592B4C48810040EADA /* Realm in Frameworks */ = {isa = PBXBuildFile; productRef = BCBB95582B4C48810040EADA /* Realm */; };
		BCBB955B2B4C48810040EADA /* RealmSwift in Frameworks */ = {isa = PBXBuildFile; productRef = BCBB955A2B4C48810040EADA /* RealmSwift */; };
		BCBB955F2B4C4B9A0040EADA /* RealmBase.swift in Sources */ = {isa = PBXBuildFile; fileRef = BCBB955D2B4C4B9A0040EADA /* RealmBase.swift */; };
		BCBB95602B4C4B9A0040EADA /* RealmManager.swift in Sources */ = {isa = PBXBuildFile; fileRef = BCBB955E2B4C4B9A0040EADA /* RealmManager.swift */; };
		BCBB95622B4C547E0040EADA /* RealmHabitModel.swift in Sources */ = {isa = PBXBuildFile; fileRef = BCBB95612B4C547E0040EADA /* RealmHabitModel.swift */; };
		FABE833C2B47634E00996F85 /* HabitTrackerApp.swift in Sources */ = {isa = PBXBuildFile; fileRef = FABE833B2B47634E00996F85 /* HabitTrackerApp.swift */; };
		FABE833E2B47634E00996F85 /* ContentView.swift in Sources */ = {isa = PBXBuildFile; fileRef = FABE833D2B47634E00996F85 /* ContentView.swift */; };
		FABE834A2B4763C100996F85 /* HabitModel.swift in Sources */ = {isa = PBXBuildFile; fileRef = FABE83492B4763C100996F85 /* HabitModel.swift */; };
		FABE834C2B47672E00996F85 /* HabitTrackerViewModel.swift in Sources */ = {isa = PBXBuildFile; fileRef = FABE834B2B47672E00996F85 /* HabitTrackerViewModel.swift */; };
		FABE834E2B476BEE00996F85 /* AddHabitView.swift in Sources */ = {isa = PBXBuildFile; fileRef = FABE834D2B476BEE00996F85 /* AddHabitView.swift */; };
		FABE83502B47ACD300996F85 /* HabitDetailView.swift in Sources */ = {isa = PBXBuildFile; fileRef = FABE834F2B47ACD300996F85 /* HabitDetailView.swift */; };
		FABE83522B47AF2B00996F85 /* HabitListView.swift in Sources */ = {isa = PBXBuildFile; fileRef = FABE83512B47AF2B00996F85 /* HabitListView.swift */; };
		FABE83542B488A2600996F85 /* CreateHabitView.swift in Sources */ = {isa = PBXBuildFile; fileRef = FABE83532B488A2600996F85 /* CreateHabitView.swift */; };
		FABE83582B48FC8A00996F85 /* HabitRowView.swift in Sources */ = {isa = PBXBuildFile; fileRef = FABE83572B48FC8A00996F85 /* HabitRowView.swift */; };
/* End PBXBuildFile section */

/* Begin PBXFileReference section */
		BC4A13EA2B52758900495CAC /* HabitDetailViewModel.swift */ = {isa = PBXFileReference; lastKnownFileType = sourcecode.swift; path = HabitDetailViewModel.swift; sourceTree = "<group>"; };
		BCBB95142B497CD30040EADA /* LoginView.swift */ = {isa = PBXFileReference; lastKnownFileType = sourcecode.swift; path = LoginView.swift; sourceTree = "<group>"; };
		BCBB95162B497DED0040EADA /* LoginViewModel.swift */ = {isa = PBXFileReference; lastKnownFileType = sourcecode.swift; path = LoginViewModel.swift; sourceTree = "<group>"; };
		BCBB95182B497EF90040EADA /* SignUpView.swift */ = {isa = PBXFileReference; lastKnownFileType = sourcecode.swift; path = SignUpView.swift; sourceTree = "<group>"; };
		BCBB951A2B497F380040EADA /* SignUpViewModel.swift */ = {isa = PBXFileReference; lastKnownFileType = sourcecode.swift; path = SignUpViewModel.swift; sourceTree = "<group>"; };
		BCBB951C2B49809F0040EADA /* ErrorView.swift */ = {isa = PBXFileReference; lastKnownFileType = sourcecode.swift; path = ErrorView.swift; sourceTree = "<group>"; };
		BCBB951E2B4982EC0040EADA /* GoogleService-Info.plist */ = {isa = PBXFileReference; fileEncoding = 4; lastKnownFileType = text.plist.xml; path = "GoogleService-Info.plist"; sourceTree = "<group>"; };
		BCBB95552B49876C0040EADA /* AuthManager.swift */ = {isa = PBXFileReference; lastKnownFileType = sourcecode.swift; path = AuthManager.swift; sourceTree = "<group>"; };
		BCBB955D2B4C4B9A0040EADA /* RealmBase.swift */ = {isa = PBXFileReference; fileEncoding = 4; lastKnownFileType = sourcecode.swift; path = RealmBase.swift; sourceTree = "<group>"; };
		BCBB955E2B4C4B9A0040EADA /* RealmManager.swift */ = {isa = PBXFileReference; fileEncoding = 4; lastKnownFileType = sourcecode.swift; path = RealmManager.swift; sourceTree = "<group>"; };
		BCBB95612B4C547E0040EADA /* RealmHabitModel.swift */ = {isa = PBXFileReference; lastKnownFileType = sourcecode.swift; path = RealmHabitModel.swift; sourceTree = "<group>"; };
		FABE83382B47634E00996F85 /* HabitTracker.app */ = {isa = PBXFileReference; explicitFileType = wrapper.application; includeInIndex = 0; path = HabitTracker.app; sourceTree = BUILT_PRODUCTS_DIR; };
		FABE833B2B47634E00996F85 /* HabitTrackerApp.swift */ = {isa = PBXFileReference; lastKnownFileType = sourcecode.swift; path = HabitTrackerApp.swift; sourceTree = "<group>"; };
		FABE833D2B47634E00996F85 /* ContentView.swift */ = {isa = PBXFileReference; lastKnownFileType = sourcecode.swift; path = ContentView.swift; sourceTree = "<group>"; };
		FABE83492B4763C100996F85 /* HabitModel.swift */ = {isa = PBXFileReference; lastKnownFileType = sourcecode.swift; path = HabitModel.swift; sourceTree = "<group>"; };
		FABE834B2B47672E00996F85 /* HabitTrackerViewModel.swift */ = {isa = PBXFileReference; lastKnownFileType = sourcecode.swift; path = HabitTrackerViewModel.swift; sourceTree = "<group>"; };
		FABE834D2B476BEE00996F85 /* AddHabitView.swift */ = {isa = PBXFileReference; lastKnownFileType = sourcecode.swift; path = AddHabitView.swift; sourceTree = "<group>"; };
		FABE834F2B47ACD300996F85 /* HabitDetailView.swift */ = {isa = PBXFileReference; lastKnownFileType = sourcecode.swift; path = HabitDetailView.swift; sourceTree = "<group>"; };
		FABE83512B47AF2B00996F85 /* HabitListView.swift */ = {isa = PBXFileReference; lastKnownFileType = sourcecode.swift; path = HabitListView.swift; sourceTree = "<group>"; };
		FABE83532B488A2600996F85 /* CreateHabitView.swift */ = {isa = PBXFileReference; lastKnownFileType = sourcecode.swift; path = CreateHabitView.swift; sourceTree = "<group>"; };
		FABE83572B48FC8A00996F85 /* HabitRowView.swift */ = {isa = PBXFileReference; lastKnownFileType = sourcecode.swift; path = HabitRowView.swift; sourceTree = "<group>"; };
/* End PBXFileReference section */

/* Begin PBXFrameworksBuildPhase section */
		FABE83352B47634E00996F85 /* Frameworks */ = {
			isa = PBXFrameworksBuildPhase;
			buildActionMask = 2147483647;
			files = (
				BCBB954C2B49835A0040EADA /* FirebasePerformance in Frameworks */,
				BCBB953A2B49835A0040EADA /* FirebaseFirestoreCombine-Community in Frameworks */,
				BCBB95342B49835A0040EADA /* FirebaseDatabase in Frameworks */,
				BCBB95522B49835A0040EADA /* FirebaseStorage in Frameworks */,
				BCBB95362B49835A0040EADA /* FirebaseDynamicLinks in Frameworks */,
				BCBB953C2B49835A0040EADA /* FirebaseFirestoreSwift in Frameworks */,
				BCBB95262B49835A0040EADA /* FirebaseAnalyticsSwift in Frameworks */,
				BCBB95422B49835A0040EADA /* FirebaseInAppMessaging-Beta in Frameworks */,
				BCBB95222B49835A0040EADA /* FirebaseAnalytics in Frameworks */,
				BCBB95482B49835A0040EADA /* FirebaseMLModelDownloader in Frameworks */,
				BCBB95502B49835A0040EADA /* FirebaseRemoteConfigSwift in Frameworks */,
				BCBB95242B49835A0040EADA /* FirebaseAnalyticsOnDeviceConversion in Frameworks */,
				BCBB954A2B49835A0040EADA /* FirebaseMessaging in Frameworks */,
				BCBB95462B49835A0040EADA /* FirebaseInstallations in Frameworks */,
				BCBB95402B49835A0040EADA /* FirebaseFunctionsCombine-Community in Frameworks */,
				BCBB95592B4C48810040EADA /* Realm in Frameworks */,
				BCBB955B2B4C48810040EADA /* RealmSwift in Frameworks */,
				BCBB95382B49835A0040EADA /* FirebaseFirestore in Frameworks */,
				BCBB95542B49835A0040EADA /* FirebaseStorageCombine-Community in Frameworks */,
				BCBB952A2B49835A0040EADA /* FirebaseAppCheck in Frameworks */,
				BCBB95282B49835A0040EADA /* FirebaseAnalyticsWithoutAdIdSupport in Frameworks */,
				BCBB952E2B49835A0040EADA /* FirebaseAuth in Frameworks */,
				BCBB95322B49835A0040EADA /* FirebaseCrashlytics in Frameworks */,
				BCBB954E2B49835A0040EADA /* FirebaseRemoteConfig in Frameworks */,
				BCBB953E2B49835A0040EADA /* FirebaseFunctions in Frameworks */,
				BCBB952C2B49835A0040EADA /* FirebaseAppDistribution-Beta in Frameworks */,
				BCBB95442B49835A0040EADA /* FirebaseInAppMessagingSwift-Beta in Frameworks */,
				BCBB95302B49835A0040EADA /* FirebaseAuthCombine-Community in Frameworks */,
			);
			runOnlyForDeploymentPostprocessing = 0;
		};
/* End PBXFrameworksBuildPhase section */

/* Begin PBXGroup section */
		BCBB955C2B4C4B900040EADA /* Realm */ = {
			isa = PBXGroup;
			children = (
				BCBB955D2B4C4B9A0040EADA /* RealmBase.swift */,
				BCBB955E2B4C4B9A0040EADA /* RealmManager.swift */,
			);
			path = Realm;
			sourceTree = "<group>";
		};
		FABE832F2B47634E00996F85 = {
			isa = PBXGroup;
			children = (
				FABE833A2B47634E00996F85 /* HabitTracker */,
				FABE83392B47634E00996F85 /* Products */,
			);
			sourceTree = "<group>";
		};
		FABE83392B47634E00996F85 /* Products */ = {
			isa = PBXGroup;
			children = (
				FABE83382B47634E00996F85 /* HabitTracker.app */,
			);
			name = Products;
			sourceTree = "<group>";
		};
		FABE833A2B47634E00996F85 /* HabitTracker */ = {
			isa = PBXGroup;
			children = (
				BCBB955C2B4C4B900040EADA /* Realm */,
				BCBB951E2B4982EC0040EADA /* GoogleService-Info.plist */,
				FABE833B2B47634E00996F85 /* HabitTrackerApp.swift */,
				FABE833D2B47634E00996F85 /* ContentView.swift */,
				BCBB95552B49876C0040EADA /* AuthManager.swift */,
				FABE83592B4909D900996F85 /* ViewModel */,
				FABE835A2B4909ED00996F85 /* Model */,
				FABE835B2B490A2D00996F85 /* View */,
			);
			path = HabitTracker;
			sourceTree = "<group>";
		};
		FABE83592B4909D900996F85 /* ViewModel */ = {
			isa = PBXGroup;
			children = (
				FABE834B2B47672E00996F85 /* HabitTrackerViewModel.swift */,
				BCBB95162B497DED0040EADA /* LoginViewModel.swift */,
				BCBB951A2B497F380040EADA /* SignUpViewModel.swift */,
				BC4A13EA2B52758900495CAC /* HabitDetailViewModel.swift */,
			);
			path = ViewModel;
			sourceTree = "<group>";
		};
		FABE835A2B4909ED00996F85 /* Model */ = {
			isa = PBXGroup;
			children = (
				FABE83492B4763C100996F85 /* HabitModel.swift */,
				BCBB95612B4C547E0040EADA /* RealmHabitModel.swift */,
			);
			path = Model;
			sourceTree = "<group>";
		};
		FABE835B2B490A2D00996F85 /* View */ = {
			isa = PBXGroup;
			children = (
				FABE83532B488A2600996F85 /* CreateHabitView.swift */,
				FABE834D2B476BEE00996F85 /* AddHabitView.swift */,
				FABE834F2B47ACD300996F85 /* HabitDetailView.swift */,
				FABE83512B47AF2B00996F85 /* HabitListView.swift */,
				FABE83572B48FC8A00996F85 /* HabitRowView.swift */,
				BCBB95142B497CD30040EADA /* LoginView.swift */,
				BCBB95182B497EF90040EADA /* SignUpView.swift */,
				BCBB951C2B49809F0040EADA /* ErrorView.swift */,
			);
			path = View;
			sourceTree = "<group>";
		};
/* End PBXGroup section */

/* Begin PBXNativeTarget section */
		FABE83372B47634E00996F85 /* HabitTracker */ = {
			isa = PBXNativeTarget;
			buildConfigurationList = FABE83462B47635000996F85 /* Build configuration list for PBXNativeTarget "HabitTracker" */;
			buildPhases = (
				FABE83342B47634E00996F85 /* Sources */,
				FABE83352B47634E00996F85 /* Frameworks */,
				FABE83362B47634E00996F85 /* Resources */,
			);
			buildRules = (
			);
			dependencies = (
			);
			name = HabitTracker;
			packageProductDependencies = (
				BCBB95212B49835A0040EADA /* FirebaseAnalytics */,
				BCBB95232B49835A0040EADA /* FirebaseAnalyticsOnDeviceConversion */,
				BCBB95252B49835A0040EADA /* FirebaseAnalyticsSwift */,
				BCBB95272B49835A0040EADA /* FirebaseAnalyticsWithoutAdIdSupport */,
				BCBB95292B49835A0040EADA /* FirebaseAppCheck */,
				BCBB952B2B49835A0040EADA /* FirebaseAppDistribution-Beta */,
				BCBB952D2B49835A0040EADA /* FirebaseAuth */,
				BCBB952F2B49835A0040EADA /* FirebaseAuthCombine-Community */,
				BCBB95312B49835A0040EADA /* FirebaseCrashlytics */,
				BCBB95332B49835A0040EADA /* FirebaseDatabase */,
				BCBB95352B49835A0040EADA /* FirebaseDynamicLinks */,
				BCBB95372B49835A0040EADA /* FirebaseFirestore */,
				BCBB95392B49835A0040EADA /* FirebaseFirestoreCombine-Community */,
				BCBB953B2B49835A0040EADA /* FirebaseFirestoreSwift */,
				BCBB953D2B49835A0040EADA /* FirebaseFunctions */,
				BCBB953F2B49835A0040EADA /* FirebaseFunctionsCombine-Community */,
				BCBB95412B49835A0040EADA /* FirebaseInAppMessaging-Beta */,
				BCBB95432B49835A0040EADA /* FirebaseInAppMessagingSwift-Beta */,
				BCBB95452B49835A0040EADA /* FirebaseInstallations */,
				BCBB95472B49835A0040EADA /* FirebaseMLModelDownloader */,
				BCBB95492B49835A0040EADA /* FirebaseMessaging */,
				BCBB954B2B49835A0040EADA /* FirebasePerformance */,
				BCBB954D2B49835A0040EADA /* FirebaseRemoteConfig */,
				BCBB954F2B49835A0040EADA /* FirebaseRemoteConfigSwift */,
				BCBB95512B49835A0040EADA /* FirebaseStorage */,
				BCBB95532B49835A0040EADA /* FirebaseStorageCombine-Community */,
				BCBB95582B4C48810040EADA /* Realm */,
				BCBB955A2B4C48810040EADA /* RealmSwift */,
			);
			productName = HabitTracker;
			productReference = FABE83382B47634E00996F85 /* HabitTracker.app */;
			productType = "com.apple.product-type.application";
		};
/* End PBXNativeTarget section */

/* Begin PBXProject section */
		FABE83302B47634E00996F85 /* Project object */ = {
			isa = PBXProject;
			attributes = {
				BuildIndependentTargetsInParallel = 1;
				LastSwiftUpdateCheck = 1510;
				LastUpgradeCheck = 1510;
				TargetAttributes = {
					FABE83372B47634E00996F85 = {
						CreatedOnToolsVersion = 15.1;
					};
				};
			};
			buildConfigurationList = FABE83332B47634E00996F85 /* Build configuration list for PBXProject "HabitTracker" */;
			compatibilityVersion = "Xcode 14.0";
			developmentRegion = en;
			hasScannedForEncodings = 0;
			knownRegions = (
				en,
				Base,
			);
			mainGroup = FABE832F2B47634E00996F85;
			packageReferences = (
				BCBB95202B49835A0040EADA /* XCRemoteSwiftPackageReference "firebase-ios-sdk" */,
				BCBB95572B4C48810040EADA /* XCRemoteSwiftPackageReference "realm-swift" */,
			);
			productRefGroup = FABE83392B47634E00996F85 /* Products */;
			projectDirPath = "";
			projectRoot = "";
			targets = (
				FABE83372B47634E00996F85 /* HabitTracker */,
			);
		};
/* End PBXProject section */

/* Begin PBXResourcesBuildPhase section */
		FABE83362B47634E00996F85 /* Resources */ = {
			isa = PBXResourcesBuildPhase;
			buildActionMask = 2147483647;
			files = (
				BCBB951F2B4982EC0040EADA /* GoogleService-Info.plist in Resources */,
			);
			runOnlyForDeploymentPostprocessing = 0;
		};
/* End PBXResourcesBuildPhase section */

/* Begin PBXSourcesBuildPhase section */
		FABE83342B47634E00996F85 /* Sources */ = {
			isa = PBXSourcesBuildPhase;
			buildActionMask = 2147483647;
			files = (
				FABE834A2B4763C100996F85 /* HabitModel.swift in Sources */,
				FABE833E2B47634E00996F85 /* ContentView.swift in Sources */,
				FABE83582B48FC8A00996F85 /* HabitRowView.swift in Sources */,
				FABE83502B47ACD300996F85 /* HabitDetailView.swift in Sources */,
				BCBB95602B4C4B9A0040EADA /* RealmManager.swift in Sources */,
				FABE834C2B47672E00996F85 /* HabitTrackerViewModel.swift in Sources */,
				BC4A13EB2B52758900495CAC /* HabitDetailViewModel.swift in Sources */,
				BCBB951B2B497F380040EADA /* SignUpViewModel.swift in Sources */,
				FABE83522B47AF2B00996F85 /* HabitListView.swift in Sources */,
				FABE833C2B47634E00996F85 /* HabitTrackerApp.swift in Sources */,
				BCBB955F2B4C4B9A0040EADA /* RealmBase.swift in Sources */,
				BCBB95562B49876C0040EADA /* AuthManager.swift in Sources */,
				BCBB95622B4C547E0040EADA /* RealmHabitModel.swift in Sources */,
				BCBB95192B497EF90040EADA /* SignUpView.swift in Sources */,
				BCBB951D2B49809F0040EADA /* ErrorView.swift in Sources */,
				BCBB95172B497DED0040EADA /* LoginViewModel.swift in Sources */,
				BCBB95152B497CD30040EADA /* LoginView.swift in Sources */,
				FABE834E2B476BEE00996F85 /* AddHabitView.swift in Sources */,
				FABE83542B488A2600996F85 /* CreateHabitView.swift in Sources */,
			);
			runOnlyForDeploymentPostprocessing = 0;
		};
/* End PBXSourcesBuildPhase section */

/* Begin XCBuildConfiguration section */
		FABE83442B47635000996F85 /* Debug */ = {
			isa = XCBuildConfiguration;
			buildSettings = {
				ALWAYS_SEARCH_USER_PATHS = NO;
				ASSETCATALOG_COMPILER_GENERATE_SWIFT_ASSET_SYMBOL_EXTENSIONS = YES;
				CLANG_ANALYZER_NONNULL = YES;
				CLANG_ANALYZER_NUMBER_OBJECT_CONVERSION = YES_AGGRESSIVE;
				CLANG_CXX_LANGUAGE_STANDARD = "gnu++20";
				CLANG_ENABLE_MODULES = YES;
				CLANG_ENABLE_OBJC_ARC = YES;
				CLANG_ENABLE_OBJC_WEAK = YES;
				CLANG_WARN_BLOCK_CAPTURE_AUTORELEASING = YES;
				CLANG_WARN_BOOL_CONVERSION = YES;
				CLANG_WARN_COMMA = YES;
				CLANG_WARN_CONSTANT_CONVERSION = YES;
				CLANG_WARN_DEPRECATED_OBJC_IMPLEMENTATIONS = YES;
				CLANG_WARN_DIRECT_OBJC_ISA_USAGE = YES_ERROR;
				CLANG_WARN_DOCUMENTATION_COMMENTS = YES;
				CLANG_WARN_EMPTY_BODY = YES;
				CLANG_WARN_ENUM_CONVERSION = YES;
				CLANG_WARN_INFINITE_RECURSION = YES;
				CLANG_WARN_INT_CONVERSION = YES;
				CLANG_WARN_NON_LITERAL_NULL_CONVERSION = YES;
				CLANG_WARN_OBJC_IMPLICIT_RETAIN_SELF = YES;
				CLANG_WARN_OBJC_LITERAL_CONVERSION = YES;
				CLANG_WARN_OBJC_ROOT_CLASS = YES_ERROR;
				CLANG_WARN_QUOTED_INCLUDE_IN_FRAMEWORK_HEADER = YES;
				CLANG_WARN_RANGE_LOOP_ANALYSIS = YES;
				CLANG_WARN_STRICT_PROTOTYPES = YES;
				CLANG_WARN_SUSPICIOUS_MOVE = YES;
				CLANG_WARN_UNGUARDED_AVAILABILITY = YES_AGGRESSIVE;
				CLANG_WARN_UNREACHABLE_CODE = YES;
				CLANG_WARN__DUPLICATE_METHOD_MATCH = YES;
				COPY_PHASE_STRIP = NO;
				DEBUG_INFORMATION_FORMAT = dwarf;
				ENABLE_STRICT_OBJC_MSGSEND = YES;
				ENABLE_TESTABILITY = YES;
				ENABLE_USER_SCRIPT_SANDBOXING = YES;
				GCC_C_LANGUAGE_STANDARD = gnu17;
				GCC_DYNAMIC_NO_PIC = NO;
				GCC_NO_COMMON_BLOCKS = YES;
				GCC_OPTIMIZATION_LEVEL = 0;
				GCC_PREPROCESSOR_DEFINITIONS = (
					"DEBUG=1",
					"$(inherited)",
				);
				GCC_WARN_64_TO_32_BIT_CONVERSION = YES;
				GCC_WARN_ABOUT_RETURN_TYPE = YES_ERROR;
				GCC_WARN_UNDECLARED_SELECTOR = YES;
				GCC_WARN_UNINITIALIZED_AUTOS = YES_AGGRESSIVE;
				GCC_WARN_UNUSED_FUNCTION = YES;
				GCC_WARN_UNUSED_VARIABLE = YES;
				IPHONEOS_DEPLOYMENT_TARGET = 17.2;
				LOCALIZATION_PREFERS_STRING_CATALOGS = YES;
				MTL_ENABLE_DEBUG_INFO = INCLUDE_SOURCE;
				MTL_FAST_MATH = YES;
				ONLY_ACTIVE_ARCH = YES;
				SDKROOT = iphoneos;
				SWIFT_ACTIVE_COMPILATION_CONDITIONS = "DEBUG $(inherited)";
				SWIFT_OPTIMIZATION_LEVEL = "-Onone";
			};
			name = Debug;
		};
		FABE83452B47635000996F85 /* Release */ = {
			isa = XCBuildConfiguration;
			buildSettings = {
				ALWAYS_SEARCH_USER_PATHS = NO;
				ASSETCATALOG_COMPILER_GENERATE_SWIFT_ASSET_SYMBOL_EXTENSIONS = YES;
				CLANG_ANALYZER_NONNULL = YES;
				CLANG_ANALYZER_NUMBER_OBJECT_CONVERSION = YES_AGGRESSIVE;
				CLANG_CXX_LANGUAGE_STANDARD = "gnu++20";
				CLANG_ENABLE_MODULES = YES;
				CLANG_ENABLE_OBJC_ARC = YES;
				CLANG_ENABLE_OBJC_WEAK = YES;
				CLANG_WARN_BLOCK_CAPTURE_AUTORELEASING = YES;
				CLANG_WARN_BOOL_CONVERSION = YES;
				CLANG_WARN_COMMA = YES;
				CLANG_WARN_CONSTANT_CONVERSION = YES;
				CLANG_WARN_DEPRECATED_OBJC_IMPLEMENTATIONS = YES;
				CLANG_WARN_DIRECT_OBJC_ISA_USAGE = YES_ERROR;
				CLANG_WARN_DOCUMENTATION_COMMENTS = YES;
				CLANG_WARN_EMPTY_BODY = YES;
				CLANG_WARN_ENUM_CONVERSION = YES;
				CLANG_WARN_INFINITE_RECURSION = YES;
				CLANG_WARN_INT_CONVERSION = YES;
				CLANG_WARN_NON_LITERAL_NULL_CONVERSION = YES;
				CLANG_WARN_OBJC_IMPLICIT_RETAIN_SELF = YES;
				CLANG_WARN_OBJC_LITERAL_CONVERSION = YES;
				CLANG_WARN_OBJC_ROOT_CLASS = YES_ERROR;
				CLANG_WARN_QUOTED_INCLUDE_IN_FRAMEWORK_HEADER = YES;
				CLANG_WARN_RANGE_LOOP_ANALYSIS = YES;
				CLANG_WARN_STRICT_PROTOTYPES = YES;
				CLANG_WARN_SUSPICIOUS_MOVE = YES;
				CLANG_WARN_UNGUARDED_AVAILABILITY = YES_AGGRESSIVE;
				CLANG_WARN_UNREACHABLE_CODE = YES;
				CLANG_WARN__DUPLICATE_METHOD_MATCH = YES;
				COPY_PHASE_STRIP = NO;
				DEBUG_INFORMATION_FORMAT = "dwarf-with-dsym";
				ENABLE_NS_ASSERTIONS = NO;
				ENABLE_STRICT_OBJC_MSGSEND = YES;
				ENABLE_USER_SCRIPT_SANDBOXING = YES;
				GCC_C_LANGUAGE_STANDARD = gnu17;
				GCC_NO_COMMON_BLOCKS = YES;
				GCC_WARN_64_TO_32_BIT_CONVERSION = YES;
				GCC_WARN_ABOUT_RETURN_TYPE = YES_ERROR;
				GCC_WARN_UNDECLARED_SELECTOR = YES;
				GCC_WARN_UNINITIALIZED_AUTOS = YES_AGGRESSIVE;
				GCC_WARN_UNUSED_FUNCTION = YES;
				GCC_WARN_UNUSED_VARIABLE = YES;
				IPHONEOS_DEPLOYMENT_TARGET = 17.2;
				LOCALIZATION_PREFERS_STRING_CATALOGS = YES;
				MTL_ENABLE_DEBUG_INFO = NO;
				MTL_FAST_MATH = YES;
				SDKROOT = iphoneos;
				SWIFT_COMPILATION_MODE = wholemodule;
				VALIDATE_PRODUCT = YES;
			};
			name = Release;
		};
		FABE83472B47635000996F85 /* Debug */ = {
			isa = XCBuildConfiguration;
			buildSettings = {
				ASSETCATALOG_COMPILER_APPICON_NAME = AppIcon;
				ASSETCATALOG_COMPILER_GLOBAL_ACCENT_COLOR_NAME = AccentColor;
				CODE_SIGN_STYLE = Automatic;
				CURRENT_PROJECT_VERSION = 1;
				DEVELOPMENT_ASSET_PATHS = "\"HabitTracker/Preview Content\"";
				DEVELOPMENT_TEAM = 3644RKD5W6;
				ENABLE_PREVIEWS = YES;
				GENERATE_INFOPLIST_FILE = YES;
				INFOPLIST_KEY_UIApplicationSceneManifest_Generation = YES;
				INFOPLIST_KEY_UIApplicationSupportsIndirectInputEvents = YES;
				INFOPLIST_KEY_UILaunchScreen_Generation = YES;
				INFOPLIST_KEY_UISupportedInterfaceOrientations_iPad = "UIInterfaceOrientationPortrait UIInterfaceOrientationPortraitUpsideDown UIInterfaceOrientationLandscapeLeft UIInterfaceOrientationLandscapeRight";
				INFOPLIST_KEY_UISupportedInterfaceOrientations_iPhone = "UIInterfaceOrientationPortrait UIInterfaceOrientationLandscapeLeft UIInterfaceOrientationLandscapeRight";
				IPHONEOS_DEPLOYMENT_TARGET = 17.1;
				LD_RUNPATH_SEARCH_PATHS = (
					"$(inherited)",
					"@executable_path/Frameworks",
				);
				MARKETING_VERSION = 1.0;
				PRODUCT_BUNDLE_IDENTIFIER = syim.HabitTracker;
				PRODUCT_NAME = "$(TARGET_NAME)";
				SUPPORTED_PLATFORMS = "iphoneos iphonesimulator macosx";
				SUPPORTS_MACCATALYST = NO;
				SUPPORTS_MAC_DESIGNED_FOR_IPHONE_IPAD = NO;
				SWIFT_EMIT_LOC_STRINGS = YES;
				SWIFT_VERSION = 5.0;
				TARGETED_DEVICE_FAMILY = "1,2";
			};
			name = Debug;
		};
		FABE83482B47635000996F85 /* Release */ = {
			isa = XCBuildConfiguration;
			buildSettings = {
				ASSETCATALOG_COMPILER_APPICON_NAME = AppIcon;
				ASSETCATALOG_COMPILER_GLOBAL_ACCENT_COLOR_NAME = AccentColor;
				CODE_SIGN_STYLE = Automatic;
				CURRENT_PROJECT_VERSION = 1;
				DEVELOPMENT_ASSET_PATHS = "\"HabitTracker/Preview Content\"";
				DEVELOPMENT_TEAM = 3644RKD5W6;
				ENABLE_PREVIEWS = YES;
				GENERATE_INFOPLIST_FILE = YES;
				INFOPLIST_KEY_UIApplicationSceneManifest_Generation = YES;
				INFOPLIST_KEY_UIApplicationSupportsIndirectInputEvents = YES;
				INFOPLIST_KEY_UILaunchScreen_Generation = YES;
				INFOPLIST_KEY_UISupportedInterfaceOrientations_iPad = "UIInterfaceOrientationPortrait UIInterfaceOrientationPortraitUpsideDown UIInterfaceOrientationLandscapeLeft UIInterfaceOrientationLandscapeRight";
				INFOPLIST_KEY_UISupportedInterfaceOrientations_iPhone = "UIInterfaceOrientationPortrait UIInterfaceOrientationLandscapeLeft UIInterfaceOrientationLandscapeRight";
				IPHONEOS_DEPLOYMENT_TARGET = 17.1;
				LD_RUNPATH_SEARCH_PATHS = (
					"$(inherited)",
					"@executable_path/Frameworks",
				);
				MARKETING_VERSION = 1.0;
				PRODUCT_BUNDLE_IDENTIFIER = syim.HabitTracker;
				PRODUCT_NAME = "$(TARGET_NAME)";
				SUPPORTED_PLATFORMS = "iphoneos iphonesimulator macosx";
				SUPPORTS_MACCATALYST = NO;
				SUPPORTS_MAC_DESIGNED_FOR_IPHONE_IPAD = NO;
				SWIFT_EMIT_LOC_STRINGS = YES;
				SWIFT_VERSION = 5.0;
				TARGETED_DEVICE_FAMILY = "1,2";
			};
			name = Release;
		};
/* End XCBuildConfiguration section */

/* Begin XCConfigurationList section */
		FABE83332B47634E00996F85 /* Build configuration list for PBXProject "HabitTracker" */ = {
			isa = XCConfigurationList;
			buildConfigurations = (
				FABE83442B47635000996F85 /* Debug */,
				FABE83452B47635000996F85 /* Release */,
			);
			defaultConfigurationIsVisible = 0;
			defaultConfigurationName = Release;
		};
		FABE83462B47635000996F85 /* Build configuration list for PBXNativeTarget "HabitTracker" */ = {
			isa = XCConfigurationList;
			buildConfigurations = (
				FABE83472B47635000996F85 /* Debug */,
				FABE83482B47635000996F85 /* Release */,
			);
			defaultConfigurationIsVisible = 0;
			defaultConfigurationName = Release;
		};
/* End XCConfigurationList section */

/* Begin XCRemoteSwiftPackageReference section */
		BCBB95202B49835A0040EADA /* XCRemoteSwiftPackageReference "firebase-ios-sdk" */ = {
			isa = XCRemoteSwiftPackageReference;
			repositoryURL = "https://github.com/firebase/firebase-ios-sdk";
			requirement = {
				kind = upToNextMajorVersion;
				minimumVersion = 10.19.1;
			};
		};
		BCBB95572B4C48810040EADA /* XCRemoteSwiftPackageReference "realm-swift" */ = {
			isa = XCRemoteSwiftPackageReference;
			repositoryURL = "https://github.com/realm/realm-swift.git";
			requirement = {
				branch = master;
				kind = branch;
			};
		};
/* End XCRemoteSwiftPackageReference section */

/* Begin XCSwiftPackageProductDependency section */
		BCBB95212B49835A0040EADA /* FirebaseAnalytics */ = {
			isa = XCSwiftPackageProductDependency;
			package = BCBB95202B49835A0040EADA /* XCRemoteSwiftPackageReference "firebase-ios-sdk" */;
			productName = FirebaseAnalytics;
		};
		BCBB95232B49835A0040EADA /* FirebaseAnalyticsOnDeviceConversion */ = {
			isa = XCSwiftPackageProductDependency;
			package = BCBB95202B49835A0040EADA /* XCRemoteSwiftPackageReference "firebase-ios-sdk" */;
			productName = FirebaseAnalyticsOnDeviceConversion;
		};
		BCBB95252B49835A0040EADA /* FirebaseAnalyticsSwift */ = {
			isa = XCSwiftPackageProductDependency;
			package = BCBB95202B49835A0040EADA /* XCRemoteSwiftPackageReference "firebase-ios-sdk" */;
			productName = FirebaseAnalyticsSwift;
		};
		BCBB95272B49835A0040EADA /* FirebaseAnalyticsWithoutAdIdSupport */ = {
			isa = XCSwiftPackageProductDependency;
			package = BCBB95202B49835A0040EADA /* XCRemoteSwiftPackageReference "firebase-ios-sdk" */;
			productName = FirebaseAnalyticsWithoutAdIdSupport;
		};
		BCBB95292B49835A0040EADA /* FirebaseAppCheck */ = {
			isa = XCSwiftPackageProductDependency;
			package = BCBB95202B49835A0040EADA /* XCRemoteSwiftPackageReference "firebase-ios-sdk" */;
			productName = FirebaseAppCheck;
		};
		BCBB952B2B49835A0040EADA /* FirebaseAppDistribution-Beta */ = {
			isa = XCSwiftPackageProductDependency;
			package = BCBB95202B49835A0040EADA /* XCRemoteSwiftPackageReference "firebase-ios-sdk" */;
			productName = "FirebaseAppDistribution-Beta";
		};
		BCBB952D2B49835A0040EADA /* FirebaseAuth */ = {
			isa = XCSwiftPackageProductDependency;
			package = BCBB95202B49835A0040EADA /* XCRemoteSwiftPackageReference "firebase-ios-sdk" */;
			productName = FirebaseAuth;
		};
		BCBB952F2B49835A0040EADA /* FirebaseAuthCombine-Community */ = {
			isa = XCSwiftPackageProductDependency;
			package = BCBB95202B49835A0040EADA /* XCRemoteSwiftPackageReference "firebase-ios-sdk" */;
			productName = "FirebaseAuthCombine-Community";
		};
		BCBB95312B49835A0040EADA /* FirebaseCrashlytics */ = {
			isa = XCSwiftPackageProductDependency;
			package = BCBB95202B49835A0040EADA /* XCRemoteSwiftPackageReference "firebase-ios-sdk" */;
			productName = FirebaseCrashlytics;
		};
		BCBB95332B49835A0040EADA /* FirebaseDatabase */ = {
			isa = XCSwiftPackageProductDependency;
			package = BCBB95202B49835A0040EADA /* XCRemoteSwiftPackageReference "firebase-ios-sdk" */;
			productName = FirebaseDatabase;
		};
		BCBB95352B49835A0040EADA /* FirebaseDynamicLinks */ = {
			isa = XCSwiftPackageProductDependency;
			package = BCBB95202B49835A0040EADA /* XCRemoteSwiftPackageReference "firebase-ios-sdk" */;
			productName = FirebaseDynamicLinks;
		};
		BCBB95372B49835A0040EADA /* FirebaseFirestore */ = {
			isa = XCSwiftPackageProductDependency;
			package = BCBB95202B49835A0040EADA /* XCRemoteSwiftPackageReference "firebase-ios-sdk" */;
			productName = FirebaseFirestore;
		};
		BCBB95392B49835A0040EADA /* FirebaseFirestoreCombine-Community */ = {
			isa = XCSwiftPackageProductDependency;
			package = BCBB95202B49835A0040EADA /* XCRemoteSwiftPackageReference "firebase-ios-sdk" */;
			productName = "FirebaseFirestoreCombine-Community";
		};
		BCBB953B2B49835A0040EADA /* FirebaseFirestoreSwift */ = {
			isa = XCSwiftPackageProductDependency;
			package = BCBB95202B49835A0040EADA /* XCRemoteSwiftPackageReference "firebase-ios-sdk" */;
			productName = FirebaseFirestoreSwift;
		};
		BCBB953D2B49835A0040EADA /* FirebaseFunctions */ = {
			isa = XCSwiftPackageProductDependency;
			package = BCBB95202B49835A0040EADA /* XCRemoteSwiftPackageReference "firebase-ios-sdk" */;
			productName = FirebaseFunctions;
		};
		BCBB953F2B49835A0040EADA /* FirebaseFunctionsCombine-Community */ = {
			isa = XCSwiftPackageProductDependency;
			package = BCBB95202B49835A0040EADA /* XCRemoteSwiftPackageReference "firebase-ios-sdk" */;
			productName = "FirebaseFunctionsCombine-Community";
		};
		BCBB95412B49835A0040EADA /* FirebaseInAppMessaging-Beta */ = {
			isa = XCSwiftPackageProductDependency;
			package = BCBB95202B49835A0040EADA /* XCRemoteSwiftPackageReference "firebase-ios-sdk" */;
			productName = "FirebaseInAppMessaging-Beta";
		};
		BCBB95432B49835A0040EADA /* FirebaseInAppMessagingSwift-Beta */ = {
			isa = XCSwiftPackageProductDependency;
			package = BCBB95202B49835A0040EADA /* XCRemoteSwiftPackageReference "firebase-ios-sdk" */;
			productName = "FirebaseInAppMessagingSwift-Beta";
		};
		BCBB95452B49835A0040EADA /* FirebaseInstallations */ = {
			isa = XCSwiftPackageProductDependency;
			package = BCBB95202B49835A0040EADA /* XCRemoteSwiftPackageReference "firebase-ios-sdk" */;
			productName = FirebaseInstallations;
		};
		BCBB95472B49835A0040EADA /* FirebaseMLModelDownloader */ = {
			isa = XCSwiftPackageProductDependency;
			package = BCBB95202B49835A0040EADA /* XCRemoteSwiftPackageReference "firebase-ios-sdk" */;
			productName = FirebaseMLModelDownloader;
		};
		BCBB95492B49835A0040EADA /* FirebaseMessaging */ = {
			isa = XCSwiftPackageProductDependency;
			package = BCBB95202B49835A0040EADA /* XCRemoteSwiftPackageReference "firebase-ios-sdk" */;
			productName = FirebaseMessaging;
		};
		BCBB954B2B49835A0040EADA /* FirebasePerformance */ = {
			isa = XCSwiftPackageProductDependency;
			package = BCBB95202B49835A0040EADA /* XCRemoteSwiftPackageReference "firebase-ios-sdk" */;
			productName = FirebasePerformance;
		};
		BCBB954D2B49835A0040EADA /* FirebaseRemoteConfig */ = {
			isa = XCSwiftPackageProductDependency;
			package = BCBB95202B49835A0040EADA /* XCRemoteSwiftPackageReference "firebase-ios-sdk" */;
			productName = FirebaseRemoteConfig;
		};
		BCBB954F2B49835A0040EADA /* FirebaseRemoteConfigSwift */ = {
			isa = XCSwiftPackageProductDependency;
			package = BCBB95202B49835A0040EADA /* XCRemoteSwiftPackageReference "firebase-ios-sdk" */;
			productName = FirebaseRemoteConfigSwift;
		};
		BCBB95512B49835A0040EADA /* FirebaseStorage */ = {
			isa = XCSwiftPackageProductDependency;
			package = BCBB95202B49835A0040EADA /* XCRemoteSwiftPackageReference "firebase-ios-sdk" */;
			productName = FirebaseStorage;
		};
		BCBB95532B49835A0040EADA /* FirebaseStorageCombine-Community */ = {
			isa = XCSwiftPackageProductDependency;
			package = BCBB95202B49835A0040EADA /* XCRemoteSwiftPackageReference "firebase-ios-sdk" */;
			productName = "FirebaseStorageCombine-Community";
		};
		BCBB95582B4C48810040EADA /* Realm */ = {
			isa = XCSwiftPackageProductDependency;
			package = BCBB95572B4C48810040EADA /* XCRemoteSwiftPackageReference "realm-swift" */;
			productName = Realm;
		};
		BCBB955A2B4C48810040EADA /* RealmSwift */ = {
			isa = XCSwiftPackageProductDependency;
			package = BCBB95572B4C48810040EADA /* XCRemoteSwiftPackageReference "realm-swift" */;
			productName = RealmSwift;
		};
/* End XCSwiftPackageProductDependency section */
	};
	rootObject = FABE83302B47634E00996F85 /* Project object */;
}
